
Microsoft Visual Studio Solution File, Format Version 12.00
# Visual Studio Version 18
VisualStudioVersion = 18.4.11519.219
MinimumVisualStudioVersion = 10.0.40219.1
Project("{FAE04EC0-301F-11D3-BF4B-00C04F79EFBC}") = "MoodPetApi", "MoodPetApi.csproj", "{CADEDE4A-B502-3CF6-1318-3CCDF239609B}"
EndProject
Project("{FAE04EC0-301F-11D3-BF4B-00C04F79EFBC}") = "MoodPet.Domain", "..\MoodPet.Domain\MoodPet.Domain.csproj", "{8E095BB8-3A9C-4FFC-918B-DC0134B312C3}"
EndProject
Project("{FAE04EC0-301F-11D3-BF4B-00C04F79EFBC}") = "MoodPet.Infraestructure", "..\MoodPet.Infraestructure\MoodPet.Infraestructure.csproj", "{44C079C4-2F1F-427E-B6AC-BDFED264B85F}"
EndProject
Project("{FAE04EC0-301F-11D3-BF4B-00C04F79EFBC}") = "MoodPet.Application", "..\MoodPet.Application\MoodPet.Application.csproj", "{ED3A015D-9793-4583-ABBD-6372D4D46B80}"
EndProject
Global
	GlobalSection(SolutionConfigurationPlatforms) = preSolution
		Debug|Any CPU = Debug|Any CPU
		Release|Any CPU = Release|Any CPU
	EndGlobalSection
	GlobalSection(ProjectConfigurationPlatforms) = postSolution
		{CADEDE4A-B502-3CF6-1318-3CCDF239609B}.Debug|Any CPU.ActiveCfg = Debug|Any CPU
		{CADEDE4A-B502-3CF6-1318-3CCDF239609B}.Debug|Any CPU.Build.0 = Debug|Any CPU
		{CADEDE4A-B502-3CF6-1318-3CCDF239609B}.Release|Any CPU.ActiveCfg = Release|Any CPU
		{CADEDE4A-B502-3CF6-1318-3CCDF239609B}.Release|Any CPU.Build.0 = Release|Any CPU
		{8E095BB8-3A9C-4FFC-918B-DC0134B312C3}.Debug|Any CPU.ActiveCfg = Debug|Any CPU
		{8E095BB8-3A9C-4FFC-918B-DC0134B312C3}.Debug|Any CPU.Build.0 = Debug|Any CPU
		{8E095BB8-3A9C-4FFC-918B-DC0134B312C3}.Release|Any CPU.ActiveCfg = Release|Any CPU
		{8E095BB8-3A9C-4FFC-918B-DC0134B312C3}.Release|Any CPU.Build.0 = Release|Any CPU
		{44C079C4-2F1F-427E-B6AC-BDFED264B85F}.Debug|Any CPU.ActiveCfg = Debug|Any CPU
		{44C079C4-2F1F-427E-B6AC-BDFED264B85F}.Debug|Any CPU.Build.0 = Debug|Any CPU
		{44C079C4-2F1F-427E-B6AC-BDFED264B85F}.Release|Any CPU.ActiveCfg = Release|Any CPU
		{44C079C4-2F1F-427E-B6AC-BDFED264B85F}.Release|Any CPU.Build.0 = Release|Any CPU
		{ED3A015D-9793-4583-ABBD-6372D4D46B80}.Debug|Any CPU.ActiveCfg = Debug|Any CPU
		{ED3A015D-9793-4583-ABBD-6372D4D46B80}.Debug|Any CPU.Build.0 = Debug|Any CPU
		{ED3A015D-9793-4583-ABBD-6372D4D46B80}.Release|Any CPU.ActiveCfg = Release|Any CPU
		{ED3A015D-9793-4583-ABBD-6372D4D46B80}.Release|Any CPU.Build.0 = Release|Any CPU
	EndGlobalSection
	GlobalSection(SolutionProperties) = preSolution
		HideSolutionNode = FALSE
	EndGlobalSection
	GlobalSection(ExtensibilityGlobals) = postSolution
		SolutionGuid = {CE028C69-7D74-415E-BD7D-0B5E0B749F3F}
	EndGlobalSection
EndGlobal
